
Microsoft Visual Studio Solution File, Format Version 12.00
# Visual Studio Version 17
VisualStudioVersion = 17.8.34330.188
MinimumVisualStudioVersion = 10.0.40219.1
Project("{2150E333-8FDC-42A3-9474-1A3956D46DE8}") = "Solution Items", "Solution Items", "{9F3AC391-C7E4-4268-A67E-00218052DA62}"
	ProjectSection(SolutionItems) = preProject
		.editorconfig = .editorconfig
	EndProjectSection
EndProject
Project("{9A19103F-16F7-4668-BE54-9A1E7A4F7556}") = "KotoKaze", "KotoKazeMain\KotoKaze.csproj", "{ECCFB4C7-67D6-4554-BFC8-125C7C8618EB}"
	ProjectSection(ProjectDependencies) = postProject
		{82D44B5E-D66C-47D0-976B-F03E812DCCBA} = {82D44B5E-D66C-47D0-976B-F03E812DCCBA}
		{B774FE39-9289-4281-808C-CC5414A18EEE} = {B774FE39-9289-4281-808C-CC5414A18EEE}
	EndProjectSection
EndProject
Project("{8BC9CEB8-8B4A-11D0-8D11-00A0C91BC942}") = "TestModule", "TestModule\RAMTestDll.vcxproj", "{02CEEE7C-F691-4161-BCD0-4E78295F5308}"
EndProject
Project("{9A19103F-16F7-4668-BE54-9A1E7A4F7556}") = "Translation", "Translation\Translation.csproj", "{B774FE39-9289-4281-808C-CC5414A18EEE}"
EndProject
Project("{9A19103F-16F7-4668-BE54-9A1E7A4F7556}") = "TestContent", "WorkLoad\TestContent.csproj", "{82D44B5E-D66C-47D0-976B-F03E812DCCBA}"
EndProject
Project("{9A19103F-16F7-4668-BE54-9A1E7A4F7556}") = "CleanContent", "CleanContent\CleanContent.csproj", "{018E2005-3975-41B1-ACE8-08B91E83CCB1}"
EndProject
Project("{9A19103F-16F7-4668-BE54-9A1E7A4F7556}") = "OpenHardwareMonitorLib", "openhardwaremonitor-master\OpenHardwareMonitorLib.csproj", "{B0397530-545A-471D-BB74-027AE456DF1A}"
EndProject
Global
	GlobalSection(SolutionConfigurationPlatforms) = preSolution
		Debug|Any CPU = Debug|Any CPU
		Debug|x64 = Debug|x64
		Debug|x86 = Debug|x86
		Release|Any CPU = Release|Any CPU
		Release|x64 = Release|x64
		Release|x86 = Release|x86
	EndGlobalSection
	GlobalSection(ProjectConfigurationPlatforms) = postSolution
		{ECCFB4C7-67D6-4554-BFC8-125C7C8618EB}.Debug|Any CPU.ActiveCfg = Debug|Any CPU
		{ECCFB4C7-67D6-4554-BFC8-125C7C8618EB}.Debug|Any CPU.Build.0 = Debug|Any CPU
		{ECCFB4C7-67D6-4554-BFC8-125C7C8618EB}.Debug|x64.ActiveCfg = Debug|x64
		{ECCFB4C7-67D6-4554-BFC8-125C7C8618EB}.Debug|x64.Build.0 = Debug|x64
		{ECCFB4C7-67D6-4554-BFC8-125C7C8618EB}.Debug|x86.ActiveCfg = Debug|Any CPU
		{ECCFB4C7-67D6-4554-BFC8-125C7C8618EB}.Debug|x86.Build.0 = Debug|Any CPU
		{ECCFB4C7-67D6-4554-BFC8-125C7C8618EB}.Release|Any CPU.ActiveCfg = Release|Any CPU
		{ECCFB4C7-67D6-4554-BFC8-125C7C8618EB}.Release|Any CPU.Build.0 = Release|Any CPU
		{ECCFB4C7-67D6-4554-BFC8-125C7C8618EB}.Release|x64.ActiveCfg = Release|x64
		{ECCFB4C7-67D6-4554-BFC8-125C7C8618EB}.Release|x64.Build.0 = Release|x64
		{ECCFB4C7-67D6-4554-BFC8-125C7C8618EB}.Release|x86.ActiveCfg = Release|Any CPU
		{ECCFB4C7-67D6-4554-BFC8-125C7C8618EB}.Release|x86.Build.0 = Release|Any CPU
		{02CEEE7C-F691-4161-BCD0-4E78295F5308}.Debug|Any CPU.ActiveCfg = Debug|x64
		{02CEEE7C-F691-4161-BCD0-4E78295F5308}.Debug|Any CPU.Build.0 = Debug|x64
		{02CEEE7C-F691-4161-BCD0-4E78295F5308}.Debug|x64.ActiveCfg = Debug|x64
		{02CEEE7C-F691-4161-BCD0-4E78295F5308}.Debug|x64.Build.0 = Debug|x64
		{02CEEE7C-F691-4161-BCD0-4E78295F5308}.Debug|x86.ActiveCfg = Debug|Win32
		{02CEEE7C-F691-4161-BCD0-4E78295F5308}.Debug|x86.Build.0 = Debug|Win32
		{02CEEE7C-F691-4161-BCD0-4E78295F5308}.Release|Any CPU.ActiveCfg = Release|x64
		{02CEEE7C-F691-4161-BCD0-4E78295F5308}.Release|Any CPU.Build.0 = Release|x64
		{02CEEE7C-F691-4161-BCD0-4E78295F5308}.Release|x64.ActiveCfg = Release|x64
		{02CEEE7C-F691-4161-BCD0-4E78295F5308}.Release|x64.Build.0 = Release|x64
		{02CEEE7C-F691-4161-BCD0-4E78295F5308}.Release|x86.ActiveCfg = Release|Win32
		{02CEEE7C-F691-4161-BCD0-4E78295F5308}.Release|x86.Build.0 = Release|Win32
		{B774FE39-9289-4281-808C-CC5414A18EEE}.Debug|Any CPU.ActiveCfg = Debug|Any CPU
		{B774FE39-9289-4281-808C-CC5414A18EEE}.Debug|Any CPU.Build.0 = Debug|Any CPU
		{B774FE39-9289-4281-808C-CC5414A18EEE}.Debug|x64.ActiveCfg = Debug|Any CPU
		{B774FE39-9289-4281-808C-CC5414A18EEE}.Debug|x64.Build.0 = Debug|Any CPU
		{B774FE39-9289-4281-808C-CC5414A18EEE}.Debug|x86.ActiveCfg = Debug|Any CPU
		{B774FE39-9289-4281-808C-CC5414A18EEE}.Debug|x86.Build.0 = Debug|Any CPU
		{B774FE39-9289-4281-808C-CC5414A18EEE}.Release|Any CPU.ActiveCfg = Release|Any CPU
		{B774FE39-9289-4281-808C-CC5414A18EEE}.Release|Any CPU.Build.0 = Release|Any CPU
		{B774FE39-9289-4281-808C-CC5414A18EEE}.Release|x64.ActiveCfg = Release|Any CPU
		{B774FE39-9289-4281-808C-CC5414A18EEE}.Release|x64.Build.0 = Release|Any CPU
		{B774FE39-9289-4281-808C-CC5414A18EEE}.Release|x86.ActiveCfg = Release|Any CPU
		{B774FE39-9289-4281-808C-CC5414A18EEE}.Release|x86.Build.0 = Release|Any CPU
		{82D44B5E-D66C-47D0-976B-F03E812DCCBA}.Debug|Any CPU.ActiveCfg = Debug|Any CPU
		{82D44B5E-D66C-47D0-976B-F03E812DCCBA}.Debug|Any CPU.Build.0 = Debug|Any CPU
		{82D44B5E-D66C-47D0-976B-F03E812DCCBA}.Debug|x64.ActiveCfg = Debug|Any CPU
		{82D44B5E-D66C-47D0-976B-F03E812DCCBA}.Debug|x64.Build.0 = Debug|Any CPU
		{82D44B5E-D66C-47D0-976B-F03E812DCCBA}.Debug|x86.ActiveCfg = Debug|Any CPU
		{82D44B5E-D66C-47D0-976B-F03E812DCCBA}.Debug|x86.Build.0 = Debug|Any CPU
		{82D44B5E-D66C-47D0-976B-F03E812DCCBA}.Release|Any CPU.ActiveCfg = Release|Any CPU
		{82D44B5E-D66C-47D0-976B-F03E812DCCBA}.Release|Any CPU.Build.0 = Release|Any CPU
		{82D44B5E-D66C-47D0-976B-F03E812DCCBA}.Release|x64.ActiveCfg = Release|Any CPU
		{82D44B5E-D66C-47D0-976B-F03E812DCCBA}.Release|x64.Build.0 = Release|Any CPU
		{82D44B5E-D66C-47D0-976B-F03E812DCCBA}.Release|x86.ActiveCfg = Release|Any CPU
		{82D44B5E-D66C-47D0-976B-F03E812DCCBA}.Release|x86.Build.0 = Release|Any CPU
		{018E2005-3975-41B1-ACE8-08B91E83CCB1}.Debug|Any CPU.ActiveCfg = Debug|Any CPU
		{018E2005-3975-41B1-ACE8-08B91E83CCB1}.Debug|Any CPU.Build.0 = Debug|Any CPU
		{018E2005-3975-41B1-ACE8-08B91E83CCB1}.Debug|x64.ActiveCfg = Debug|Any CPU
		{018E2005-3975-41B1-ACE8-08B91E83CCB1}.Debug|x64.Build.0 = Debug|Any CPU
		{018E2005-3975-41B1-ACE8-08B91E83CCB1}.Debug|x86.ActiveCfg = Debug|Any CPU
		{018E2005-3975-41B1-ACE8-08B91E83CCB1}.Debug|x86.Build.0 = Debug|Any CPU
		{018E2005-3975-41B1-ACE8-08B91E83CCB1}.Release|Any CPU.ActiveCfg = Release|Any CPU
		{018E2005-3975-41B1-ACE8-08B91E83CCB1}.Release|Any CPU.Build.0 = Release|Any CPU
		{018E2005-3975-41B1-ACE8-08B91E83CCB1}.Release|x64.ActiveCfg = Release|Any CPU
		{018E2005-3975-41B1-ACE8-08B91E83CCB1}.Release|x64.Build.0 = Release|Any CPU
		{018E2005-3975-41B1-ACE8-08B91E83CCB1}.Release|x86.ActiveCfg = Release|Any CPU
		{018E2005-3975-41B1-ACE8-08B91E83CCB1}.Release|x86.Build.0 = Release|Any CPU
		{B0397530-545A-471D-BB74-027AE456DF1A}.Debug|Any CPU.ActiveCfg = Debug|Any CPU
		{B0397530-545A-471D-BB74-027AE456DF1A}.Debug|Any CPU.Build.0 = Debug|Any CPU
		{B0397530-545A-471D-BB74-027AE456DF1A}.Debug|x64.ActiveCfg = Debug|Any CPU
		{B0397530-545A-471D-BB74-027AE456DF1A}.Debug|x64.Build.0 = Debug|Any CPU
		{B0397530-545A-471D-BB74-027AE456DF1A}.Debug|x86.ActiveCfg = Debug|Any CPU
		{B0397530-545A-471D-BB74-027AE456DF1A}.Debug|x86.Build.0 = Debug|Any CPU
		{B0397530-545A-471D-BB74-027AE456DF1A}.Release|Any CPU.ActiveCfg = Release|Any CPU
		{B0397530-545A-471D-BB74-027AE456DF1A}.Release|Any CPU.Build.0 = Release|Any CPU
		{B0397530-545A-471D-BB74-027AE456DF1A}.Release|x64.ActiveCfg = Release|Any CPU
		{B0397530-545A-471D-BB74-027AE456DF1A}.Release|x64.Build.0 = Release|Any CPU
		{B0397530-545A-471D-BB74-027AE456DF1A}.Release|x86.ActiveCfg = Release|Any CPU
		{B0397530-545A-471D-BB74-027AE456DF1A}.Release|x86.Build.0 = Release|Any CPU
	EndGlobalSection
	GlobalSection(SolutionProperties) = preSolution
		HideSolutionNode = FALSE
	EndGlobalSection
	GlobalSection(ExtensibilityGlobals) = postSolution
		SolutionGuid = {FC25C663-25A7-478E-8507-0696FDC1F444}
	EndGlobalSection
EndGlobal
